
Microsoft Visual Studio Solution File, Format Version 12.00
# Visual Studio Version 16
VisualStudioVersion = 16.0.31613.86
MinimumVisualStudioVersion = 10.0.40219.1
Project("{9A19103F-16F7-4668-BE54-9A1E7A4F7556}") = "SessionPowerSaver", "SessionPowerSaver\SessionPowerSaver.csproj", "{1681916F-85D9-4C18-BF87-6EC9E9BA2C6E}"
EndProject
Project("{9A19103F-16F7-4668-BE54-9A1E7A4F7556}") = "AppxActivate", "AppxActivate\AppxActivate.csproj", "{EE9584E8-8BFA-481B-BF65-F5FCEE4952D2}"
EndProject
Project("{9A19103F-16F7-4668-BE54-9A1E7A4F7556}") = "DiskVolumes", "DiskVolumes\DiskVolumes.csproj", "{D1BDBFD9-8647-4890-A737-F1B2C7AAABC1}"
EndProject
Project("{9A19103F-16F7-4668-BE54-9A1E7A4F7556}") = "dssearch", "dssearch\dssearch.csproj", "{9592E582-9E5D-4B09-A42B-CA2E2C48900F}"
EndProject
Project("{9A19103F-16F7-4668-BE54-9A1E7A4F7556}") = "telnets", "telnets\telnets.csproj", "{E2FF95B7-FD54-4664-9A16-8A5AE2C56559}"
EndProject
Project("{9A19103F-16F7-4668-BE54-9A1E7A4F7556}") = "PowerShellFs", "PowerShellFs\PowerShellFs.csproj", "{E3CA69B8-2419-4898-B561-251941F04B58}"
EndProject
Project("{2150E333-8FDC-42A3-9474-1A3956D46DE8}") = "Solution Items", "Solution Items", "{D557391E-B9DC-4205-990C-059953BA236B}"
	ProjectSection(SolutionItems) = preProject
		Directory.Build.props = Directory.Build.props
	EndProjectSection
EndProject
Project("{778DAE3C-4631-46EA-AA77-85C1314464D9}") = "Dataviewer", "Dataviewer\Dataviewer.vbproj", "{9FC71E50-8777-43BB-A907-BEE69AB1F301}"
EndProject
Project("{9A19103F-16F7-4668-BE54-9A1E7A4F7556}") = "GetProductKey", "GetProductKey\GetProductKey.csproj", "{6BE6F995-CC04-45EA-B97F-4810FE643922}"
EndProject
Project("{FAE04EC0-301F-11D3-BF4B-00C04F79EFBC}") = "MBR2GPT", "MBR2GPT\MBR2GPT.csproj", "{0787BE30-5943-4FA2-94A5-2560F09A66A7}"
EndProject
Global
	GlobalSection(SolutionConfigurationPlatforms) = preSolution
		Debug|Any CPU = Debug|Any CPU
		Debug|x64 = Debug|x64
		Debug|x86 = Debug|x86
		Release|Any CPU = Release|Any CPU
		Release|x64 = Release|x64
		Release|x86 = Release|x86
	EndGlobalSection
	GlobalSection(ProjectConfigurationPlatforms) = postSolution
		{1681916F-85D9-4C18-BF87-6EC9E9BA2C6E}.Debug|Any CPU.ActiveCfg = Debug|Any CPU
		{1681916F-85D9-4C18-BF87-6EC9E9BA2C6E}.Debug|Any CPU.Build.0 = Debug|Any CPU
		{1681916F-85D9-4C18-BF87-6EC9E9BA2C6E}.Debug|x64.ActiveCfg = Debug|Any CPU
		{1681916F-85D9-4C18-BF87-6EC9E9BA2C6E}.Debug|x64.Build.0 = Debug|Any CPU
		{1681916F-85D9-4C18-BF87-6EC9E9BA2C6E}.Debug|x86.ActiveCfg = Debug|Any CPU
		{1681916F-85D9-4C18-BF87-6EC9E9BA2C6E}.Debug|x86.Build.0 = Debug|Any CPU
		{1681916F-85D9-4C18-BF87-6EC9E9BA2C6E}.Release|Any CPU.ActiveCfg = Release|Any CPU
		{1681916F-85D9-4C18-BF87-6EC9E9BA2C6E}.Release|Any CPU.Build.0 = Release|Any CPU
		{1681916F-85D9-4C18-BF87-6EC9E9BA2C6E}.Release|x64.ActiveCfg = Release|Any CPU
		{1681916F-85D9-4C18-BF87-6EC9E9BA2C6E}.Release|x64.Build.0 = Release|Any CPU
		{1681916F-85D9-4C18-BF87-6EC9E9BA2C6E}.Release|x86.ActiveCfg = Release|Any CPU
		{1681916F-85D9-4C18-BF87-6EC9E9BA2C6E}.Release|x86.Build.0 = Release|Any CPU
		{EE9584E8-8BFA-481B-BF65-F5FCEE4952D2}.Debug|Any CPU.ActiveCfg = Debug|Any CPU
		{EE9584E8-8BFA-481B-BF65-F5FCEE4952D2}.Debug|Any CPU.Build.0 = Debug|Any CPU
		{EE9584E8-8BFA-481B-BF65-F5FCEE4952D2}.Debug|x64.ActiveCfg = Debug|Any CPU
		{EE9584E8-8BFA-481B-BF65-F5FCEE4952D2}.Debug|x64.Build.0 = Debug|Any CPU
		{EE9584E8-8BFA-481B-BF65-F5FCEE4952D2}.Debug|x86.ActiveCfg = Debug|Any CPU
		{EE9584E8-8BFA-481B-BF65-F5FCEE4952D2}.Debug|x86.Build.0 = Debug|Any CPU
		{EE9584E8-8BFA-481B-BF65-F5FCEE4952D2}.Release|Any CPU.ActiveCfg = Release|Any CPU
		{EE9584E8-8BFA-481B-BF65-F5FCEE4952D2}.Release|Any CPU.Build.0 = Release|Any CPU
		{EE9584E8-8BFA-481B-BF65-F5FCEE4952D2}.Release|x64.ActiveCfg = Release|Any CPU
		{EE9584E8-8BFA-481B-BF65-F5FCEE4952D2}.Release|x64.Build.0 = Release|Any CPU
		{EE9584E8-8BFA-481B-BF65-F5FCEE4952D2}.Release|x86.ActiveCfg = Release|Any CPU
		{EE9584E8-8BFA-481B-BF65-F5FCEE4952D2}.Release|x86.Build.0 = Release|Any CPU
		{D1BDBFD9-8647-4890-A737-F1B2C7AAABC1}.Debug|Any CPU.ActiveCfg = Debug|Any CPU
		{D1BDBFD9-8647-4890-A737-F1B2C7AAABC1}.Debug|Any CPU.Build.0 = Debug|Any CPU
		{D1BDBFD9-8647-4890-A737-F1B2C7AAABC1}.Debug|x64.ActiveCfg = Debug|Any CPU
		{D1BDBFD9-8647-4890-A737-F1B2C7AAABC1}.Debug|x64.Build.0 = Debug|Any CPU
		{D1BDBFD9-8647-4890-A737-F1B2C7AAABC1}.Debug|x86.ActiveCfg = Debug|Any CPU
		{D1BDBFD9-8647-4890-A737-F1B2C7AAABC1}.Debug|x86.Build.0 = Debug|Any CPU
		{D1BDBFD9-8647-4890-A737-F1B2C7AAABC1}.Release|Any CPU.ActiveCfg = Release|Any CPU
		{D1BDBFD9-8647-4890-A737-F1B2C7AAABC1}.Release|Any CPU.Build.0 = Release|Any CPU
		{D1BDBFD9-8647-4890-A737-F1B2C7AAABC1}.Release|x64.ActiveCfg = Release|Any CPU
		{D1BDBFD9-8647-4890-A737-F1B2C7AAABC1}.Release|x64.Build.0 = Release|Any CPU
		{D1BDBFD9-8647-4890-A737-F1B2C7AAABC1}.Release|x86.ActiveCfg = Release|Any CPU
		{D1BDBFD9-8647-4890-A737-F1B2C7AAABC1}.Release|x86.Build.0 = Release|Any CPU
		{9592E582-9E5D-4B09-A42B-CA2E2C48900F}.Debug|Any CPU.ActiveCfg = Debug|Any CPU
		{9592E582-9E5D-4B09-A42B-CA2E2C48900F}.Debug|Any CPU.Build.0 = Debug|Any CPU
		{9592E582-9E5D-4B09-A42B-CA2E2C48900F}.Debug|x64.ActiveCfg = Debug|Any CPU
		{9592E582-9E5D-4B09-A42B-CA2E2C48900F}.Debug|x64.Build.0 = Debug|Any CPU
		{9592E582-9E5D-4B09-A42B-CA2E2C48900F}.Debug|x86.ActiveCfg = Debug|Any CPU
		{9592E582-9E5D-4B09-A42B-CA2E2C48900F}.Debug|x86.Build.0 = Debug|Any CPU
		{9592E582-9E5D-4B09-A42B-CA2E2C48900F}.Release|Any CPU.ActiveCfg = Release|Any CPU
		{9592E582-9E5D-4B09-A42B-CA2E2C48900F}.Release|Any CPU.Build.0 = Release|Any CPU
		{9592E582-9E5D-4B09-A42B-CA2E2C48900F}.Release|x64.ActiveCfg = Release|Any CPU
		{9592E582-9E5D-4B09-A42B-CA2E2C48900F}.Release|x64.Build.0 = Release|Any CPU
		{9592E582-9E5D-4B09-A42B-CA2E2C48900F}.Release|x86.ActiveCfg = Release|Any CPU
		{9592E582-9E5D-4B09-A42B-CA2E2C48900F}.Release|x86.Build.0 = Release|Any CPU
		{E2FF95B7-FD54-4664-9A16-8A5AE2C56559}.Debug|Any CPU.ActiveCfg = Debug|Any CPU
		{E2FF95B7-FD54-4664-9A16-8A5AE2C56559}.Debug|Any CPU.Build.0 = Debug|Any CPU
		{E2FF95B7-FD54-4664-9A16-8A5AE2C56559}.Debug|x64.ActiveCfg = Debug|Any CPU
		{E2FF95B7-FD54-4664-9A16-8A5AE2C56559}.Debug|x64.Build.0 = Debug|Any CPU
		{E2FF95B7-FD54-4664-9A16-8A5AE2C56559}.Debug|x86.ActiveCfg = Debug|Any CPU
		{E2FF95B7-FD54-4664-9A16-8A5AE2C56559}.Debug|x86.Build.0 = Debug|Any CPU
		{E2FF95B7-FD54-4664-9A16-8A5AE2C56559}.Release|Any CPU.ActiveCfg = Release|Any CPU
		{E2FF95B7-FD54-4664-9A16-8A5AE2C56559}.Release|Any CPU.Build.0 = Release|Any CPU
		{E2FF95B7-FD54-4664-9A16-8A5AE2C56559}.Release|x64.ActiveCfg = Release|Any CPU
		{E2FF95B7-FD54-4664-9A16-8A5AE2C56559}.Release|x64.Build.0 = Release|Any CPU
		{E2FF95B7-FD54-4664-9A16-8A5AE2C56559}.Release|x86.ActiveCfg = Release|Any CPU
		{E2FF95B7-FD54-4664-9A16-8A5AE2C56559}.Release|x86.Build.0 = Release|Any CPU
		{E3CA69B8-2419-4898-B561-251941F04B58}.Debug|Any CPU.ActiveCfg = Debug|Any CPU
		{E3CA69B8-2419-4898-B561-251941F04B58}.Debug|Any CPU.Build.0 = Debug|Any CPU
		{E3CA69B8-2419-4898-B561-251941F04B58}.Debug|x64.ActiveCfg = Debug|Any CPU
		{E3CA69B8-2419-4898-B561-251941F04B58}.Debug|x64.Build.0 = Debug|Any CPU
		{E3CA69B8-2419-4898-B561-251941F04B58}.Debug|x86.ActiveCfg = Debug|Any CPU
		{E3CA69B8-2419-4898-B561-251941F04B58}.Debug|x86.Build.0 = Debug|Any CPU
		{E3CA69B8-2419-4898-B561-251941F04B58}.Release|Any CPU.ActiveCfg = Release|Any CPU
		{E3CA69B8-2419-4898-B561-251941F04B58}.Release|Any CPU.Build.0 = Release|Any CPU
		{E3CA69B8-2419-4898-B561-251941F04B58}.Release|x64.ActiveCfg = Release|Any CPU
		{E3CA69B8-2419-4898-B561-251941F04B58}.Release|x64.Build.0 = Release|Any CPU
		{E3CA69B8-2419-4898-B561-251941F04B58}.Release|x86.ActiveCfg = Release|Any CPU
		{E3CA69B8-2419-4898-B561-251941F04B58}.Release|x86.Build.0 = Release|Any CPU
		{9FC71E50-8777-43BB-A907-BEE69AB1F301}.Debug|Any CPU.ActiveCfg = Debug|Any CPU
		{9FC71E50-8777-43BB-A907-BEE69AB1F301}.Debug|Any CPU.Build.0 = Debug|Any CPU
		{9FC71E50-8777-43BB-A907-BEE69AB1F301}.Debug|x64.ActiveCfg = Debug|Any CPU
		{9FC71E50-8777-43BB-A907-BEE69AB1F301}.Debug|x64.Build.0 = Debug|Any CPU
		{9FC71E50-8777-43BB-A907-BEE69AB1F301}.Debug|x86.ActiveCfg = Debug|Any CPU
		{9FC71E50-8777-43BB-A907-BEE69AB1F301}.Debug|x86.Build.0 = Debug|Any CPU
		{9FC71E50-8777-43BB-A907-BEE69AB1F301}.Release|Any CPU.ActiveCfg = Release|Any CPU
		{9FC71E50-8777-43BB-A907-BEE69AB1F301}.Release|Any CPU.Build.0 = Release|Any CPU
		{9FC71E50-8777-43BB-A907-BEE69AB1F301}.Release|x64.ActiveCfg = Release|Any CPU
		{9FC71E50-8777-43BB-A907-BEE69AB1F301}.Release|x64.Build.0 = Release|Any CPU
		{9FC71E50-8777-43BB-A907-BEE69AB1F301}.Release|x86.ActiveCfg = Release|Any CPU
		{9FC71E50-8777-43BB-A907-BEE69AB1F301}.Release|x86.Build.0 = Release|Any CPU
		{6BE6F995-CC04-45EA-B97F-4810FE643922}.Debug|Any CPU.ActiveCfg = Debug|Any CPU
		{6BE6F995-CC04-45EA-B97F-4810FE643922}.Debug|Any CPU.Build.0 = Debug|Any CPU
		{6BE6F995-CC04-45EA-B97F-4810FE643922}.Debug|x64.ActiveCfg = Debug|Any CPU
		{6BE6F995-CC04-45EA-B97F-4810FE643922}.Debug|x64.Build.0 = Debug|Any CPU
		{6BE6F995-CC04-45EA-B97F-4810FE643922}.Debug|x86.ActiveCfg = Debug|Any CPU
		{6BE6F995-CC04-45EA-B97F-4810FE643922}.Debug|x86.Build.0 = Debug|Any CPU
		{6BE6F995-CC04-45EA-B97F-4810FE643922}.Release|Any CPU.ActiveCfg = Release|Any CPU
		{6BE6F995-CC04-45EA-B97F-4810FE643922}.Release|Any CPU.Build.0 = Release|Any CPU
		{6BE6F995-CC04-45EA-B97F-4810FE643922}.Release|x64.ActiveCfg = Release|Any CPU
		{6BE6F995-CC04-45EA-B97F-4810FE643922}.Release|x64.Build.0 = Release|Any CPU
		{6BE6F995-CC04-45EA-B97F-4810FE643922}.Release|x86.ActiveCfg = Release|Any CPU
		{6BE6F995-CC04-45EA-B97F-4810FE643922}.Release|x86.Build.0 = Release|Any CPU
		{0787BE30-5943-4FA2-94A5-2560F09A66A7}.Debug|Any CPU.ActiveCfg = Debug|Any CPU
		{0787BE30-5943-4FA2-94A5-2560F09A66A7}.Debug|Any CPU.Build.0 = Debug|Any CPU
		{0787BE30-5943-4FA2-94A5-2560F09A66A7}.Debug|x64.ActiveCfg = Debug|Any CPU
		{0787BE30-5943-4FA2-94A5-2560F09A66A7}.Debug|x64.Build.0 = Debug|Any CPU
		{0787BE30-5943-4FA2-94A5-2560F09A66A7}.Debug|x86.ActiveCfg = Debug|Any CPU
		{0787BE30-5943-4FA2-94A5-2560F09A66A7}.Debug|x86.Build.0 = Debug|Any CPU
		{0787BE30-5943-4FA2-94A5-2560F09A66A7}.Release|Any CPU.ActiveCfg = Release|Any CPU
		{0787BE30-5943-4FA2-94A5-2560F09A66A7}.Release|Any CPU.Build.0 = Release|Any CPU
		{0787BE30-5943-4FA2-94A5-2560F09A66A7}.Release|x64.ActiveCfg = Release|Any CPU
		{0787BE30-5943-4FA2-94A5-2560F09A66A7}.Release|x64.Build.0 = Release|Any CPU
		{0787BE30-5943-4FA2-94A5-2560F09A66A7}.Release|x86.ActiveCfg = Release|Any CPU
		{0787BE30-5943-4FA2-94A5-2560F09A66A7}.Release|x86.Build.0 = Release|Any CPU
	EndGlobalSection
	GlobalSection(SolutionProperties) = preSolution
		HideSolutionNode = FALSE
	EndGlobalSection
	GlobalSection(ExtensibilityGlobals) = postSolution
		SolutionGuid = {7D580973-9945-4852-B219-718F1BB32ACC}
	EndGlobalSection
EndGlobal
